
Microsoft Visual Studio Solution File, Format Version 12.00
# Visual Studio Version 16
VisualStudioVersion = 16.0.30011.22
MinimumVisualStudioVersion = 10.0.40219.1
Project("{9A19103F-16F7-4668-BE54-9A1E7A4F7556}") = "Tally", "Tally\Tally.csproj", "{81705738-F27C-4153-B095-D3CC7C1B36DC}"
EndProject
Project("{9A19103F-16F7-4668-BE54-9A1E7A4F7556}") = "UnitTests", "UnitTests\UnitTests.csproj", "{A11873C0-9BB0-43A0-8612-37338FAF37E8}"
EndProject
Project("{9A19103F-16F7-4668-BE54-9A1E7A4F7556}") = "FileSizes", "FileSizes\FileSizes.csproj", "{D4C65E31-4331-49F0-BF85-1F97337CA5E7}"
EndProject
Project("{2150E333-8FDC-42A3-9474-1A3956D46DE8}") = "Solution Items", "Solution Items", "{EC046F69-2667-4644-8582-1246901A8C45}"
	ProjectSection(SolutionItems) = preProject
		README.md = README.md
	EndProjectSection
EndProject
Global
	GlobalSection(SolutionConfigurationPlatforms) = preSolution
		Debug|Any CPU = Debug|Any CPU
		Release|Any CPU = Release|Any CPU
	EndGlobalSection
	GlobalSection(ProjectConfigurationPlatforms) = postSolution
		{81705738-F27C-4153-B095-D3CC7C1B36DC}.Debug|Any CPU.ActiveCfg = Debug|Any CPU
		{81705738-F27C-4153-B095-D3CC7C1B36DC}.Debug|Any CPU.Build.0 = Debug|Any CPU
		{81705738-F27C-4153-B095-D3CC7C1B36DC}.Release|Any CPU.ActiveCfg = Release|Any CPU
		{81705738-F27C-4153-B095-D3CC7C1B36DC}.Release|Any CPU.Build.0 = Release|Any CPU
		{A11873C0-9BB0-43A0-8612-37338FAF37E8}.Debug|Any CPU.ActiveCfg = Debug|Any CPU
		{A11873C0-9BB0-43A0-8612-37338FAF37E8}.Debug|Any CPU.Build.0 = Debug|Any CPU
		{A11873C0-9BB0-43A0-8612-37338FAF37E8}.Release|Any CPU.ActiveCfg = Release|Any CPU
		{A11873C0-9BB0-43A0-8612-37338FAF37E8}.Release|Any CPU.Build.0 = Release|Any CPU
		{D4C65E31-4331-49F0-BF85-1F97337CA5E7}.Debug|Any CPU.ActiveCfg = Debug|Any CPU
		{D4C65E31-4331-49F0-BF85-1F97337CA5E7}.Debug|Any CPU.Build.0 = Debug|Any CPU
		{D4C65E31-4331-49F0-BF85-1F97337CA5E7}.Release|Any CPU.ActiveCfg = Release|Any CPU
		{D4C65E31-4331-49F0-BF85-1F97337CA5E7}.Release|Any CPU.Build.0 = Release|Any CPU
	EndGlobalSection
	GlobalSection(SolutionProperties) = preSolution
		HideSolutionNode = FALSE
	EndGlobalSection
	GlobalSection(ExtensibilityGlobals) = postSolution
		SolutionGuid = {527FE41C-8727-4CCD-B38B-9101085DC604}
	EndGlobalSection
EndGlobal
